
Microsoft Visual Studio Solution File, Format Version 12.00
# Visual Studio 2013
VisualStudioVersion = 12.0.40629.0
MinimumVisualStudioVersion = 10.0.40219.1
Project("{FAE04EC0-301F-11D3-BF4B-00C04F79EFBC}") = "Container", "Container\Container.csproj", "{8EB9CDB1-206D-4769-A113-A019C7460590}"
EndProject
Project("{FAE04EC0-301F-11D3-BF4B-00C04F79EFBC}") = "Tests", "Tests\Tests.csproj", "{833CBDD3-77C6-4FB9-A9B0-BDD3061828A0}"
EndProject
Project("{2150E333-8FDC-42A3-9474-1A3956D46DE8}") = "Solution Items", "Solution Items", "{B13448F8-AF13-48EB-ABAA-DEC1F0ABD1D0}"
	ProjectSection(SolutionItems) = preProject
		readme.txt = readme.txt
	EndProjectSection
EndProject
Global
	GlobalSection(SolutionConfigurationPlatforms) = preSolution
		Debug|FullFramework = Debug|FullFramework
		Debug|Portable = Debug|Portable
		Release|FullFramework = Release|FullFramework
		Release|Portable = Release|Portable
	EndGlobalSection
	GlobalSection(ProjectConfigurationPlatforms) = postSolution
		{8EB9CDB1-206D-4769-A113-A019C7460590}.Debug|FullFramework.ActiveCfg = Debug|FullFramework
		{8EB9CDB1-206D-4769-A113-A019C7460590}.Debug|FullFramework.Build.0 = Debug|FullFramework
		{8EB9CDB1-206D-4769-A113-A019C7460590}.Debug|Portable.ActiveCfg = Debug|Portable
		{8EB9CDB1-206D-4769-A113-A019C7460590}.Debug|Portable.Build.0 = Debug|Portable
		{8EB9CDB1-206D-4769-A113-A019C7460590}.Release|FullFramework.ActiveCfg = Release|FullFramework
		{8EB9CDB1-206D-4769-A113-A019C7460590}.Release|FullFramework.Build.0 = Release|FullFramework
		{8EB9CDB1-206D-4769-A113-A019C7460590}.Release|Portable.ActiveCfg = Release|Portable
		{8EB9CDB1-206D-4769-A113-A019C7460590}.Release|Portable.Build.0 = Release|Portable
		{833CBDD3-77C6-4FB9-A9B0-BDD3061828A0}.Debug|FullFramework.ActiveCfg = Debug|FullFramework
		{833CBDD3-77C6-4FB9-A9B0-BDD3061828A0}.Debug|FullFramework.Build.0 = Debug|FullFramework
		{833CBDD3-77C6-4FB9-A9B0-BDD3061828A0}.Debug|Portable.ActiveCfg = Debug|Portable
		{833CBDD3-77C6-4FB9-A9B0-BDD3061828A0}.Release|FullFramework.ActiveCfg = Release|FullFramework
		{833CBDD3-77C6-4FB9-A9B0-BDD3061828A0}.Release|FullFramework.Build.0 = Release|FullFramework
		{833CBDD3-77C6-4FB9-A9B0-BDD3061828A0}.Release|Portable.ActiveCfg = Release|Portable
		{833CBDD3-77C6-4FB9-A9B0-BDD3061828A0}.Release|Portable.Build.0 = Release|Portable
	EndGlobalSection
	GlobalSection(SolutionProperties) = preSolution
		HideSolutionNode = FALSE
	EndGlobalSection
EndGlobal
